
Microsoft Visual Studio Solution File, Format Version 12.00
# Visual Studio Version 16
VisualStudioVersion = 16.0.31605.320
MinimumVisualStudioVersion = 10.0.40219.1
Project("{FAE04EC0-301F-11D3-BF4B-00C04F79EFBC}") = "quake_sample", "quake_sample\quake_sample.csproj", "{927FCD41-9677-4148-88D9-53CDFFABBBDB}"
EndProject
Global
	GlobalSection(SolutionConfigurationPlatforms) = preSolution
		Debug|Any CPU = Debug|Any CPU
		Release|Any CPU = Release|Any CPU
	EndGlobalSection
	GlobalSection(ProjectConfigurationPlatforms) = postSolution
		{927FCD41-9677-4148-88D9-53CDFFABBBDB}.Debug|Any CPU.ActiveCfg = Debug|Any CPU
		{927FCD41-9677-4148-88D9-53CDFFABBBDB}.Debug|Any CPU.Build.0 = Debug|Any CPU
		{927FCD41-9677-4148-88D9-53CDFFABBBDB}.Release|Any CPU.ActiveCfg = Release|Any CPU
		{927FCD41-9677-4148-88D9-53CDFFABBBDB}.Release|Any CPU.Build.0 = Release|Any CPU
	EndGlobalSection
	GlobalSection(SolutionProperties) = preSolution
		HideSolutionNode = FALSE
	EndGlobalSection
	GlobalSection(ExtensibilityGlobals) = postSolution
		SolutionGuid = {37FC7FA3-B3A5-4EE4-B852-5F3EF50AB7E0}
	EndGlobalSection
EndGlobal
